// !$*UTF8*$!
{
	archiveVersion = 1;
	classes = {
	};
	objectVersion = 50;
	objects = {

/* Begin PBXBuildFile section */
		D10D41D821171F4D00D45526 /* Swiftfile.swift in Sources */ = {isa = PBXBuildFile; fileRef = D10D41D721171F4D00D45526 /* Swiftfile.swift */; };
		D1896D4C211625BF00B87852 /* AppDelegate.m in Sources */ = {isa = PBXBuildFile; fileRef = D1896D4B211625BF00B87852 /* AppDelegate.m */; };
		D1896D4F211625BF00B87852 /* ViewController.m in Sources */ = {isa = PBXBuildFile; fileRef = D1896D4E211625BF00B87852 /* ViewController.m */; };
		D1896D52211625BF00B87852 /* Main.storyboard in Resources */ = {isa = PBXBuildFile; fileRef = D1896D50211625BF00B87852 /* Main.storyboard */; };
		D1896D54211625C000B87852 /* Assets.xcassets in Resources */ = {isa = PBXBuildFile; fileRef = D1896D53211625C000B87852 /* Assets.xcassets */; };
		D1896D57211625C000B87852 /* LaunchScreen.storyboard in Resources */ = {isa = PBXBuildFile; fileRef = D1896D55211625C000B87852 /* LaunchScreen.storyboard */; };
		D1896D5A211625C000B87852 /* main.m in Sources */ = {isa = PBXBuildFile; fileRef = D1896D59211625C000B87852 /* main.m */; };
		D18EA4752116FB1A00CF9CB7 /* FastlaneDemoTests.m in Sources */ = {isa = PBXBuildFile; fileRef = D18EA4742116FB1A00CF9CB7 /* FastlaneDemoTests.m */; };
/* End PBXBuildFile section */

/* Begin PBXContainerItemProxy section */
		D18EA4772116FB1A00CF9CB7 /* PBXContainerItemProxy */ = {
			isa = PBXContainerItemProxy;
			containerPortal = D1896D3F211625BF00B87852 /* Project object */;
			proxyType = 1;
			remoteGlobalIDString = D1896D46211625BF00B87852;
			remoteInfo = FastlaneDemo;
		};
/* End PBXContainerItemProxy section */

/* Begin PBXFileReference section */
		D10D41D721171F4D00D45526 /* Swiftfile.swift */ = {isa = PBXFileReference; lastKnownFileType = sourcecode.swift; path = Swiftfile.swift; sourceTree = "<group>"; };
		D1896D47211625BF00B87852 /* FastlaneDemo.app */ = {isa = PBXFileReference; explicitFileType = wrapper.application; includeInIndex = 0; path = FastlaneDemo.app; sourceTree = BUILT_PRODUCTS_DIR; };
		D1896D4A211625BF00B87852 /* AppDelegate.h */ = {isa = PBXFileReference; lastKnownFileType = sourcecode.c.h; path = AppDelegate.h; sourceTree = "<group>"; };
		D1896D4B211625BF00B87852 /* AppDelegate.m */ = {isa = PBXFileReference; lastKnownFileType = sourcecode.c.objc; path = AppDelegate.m; sourceTree = "<group>"; };
		D1896D4D211625BF00B87852 /* ViewController.h */ = {isa = PBXFileReference; lastKnownFileType = sourcecode.c.h; path = ViewController.h; sourceTree = "<group>"; };
		D1896D4E211625BF00B87852 /* ViewController.m */ = {isa = PBXFileReference; lastKnownFileType = sourcecode.c.objc; path = ViewController.m; sourceTree = "<group>"; };
		D1896D51211625BF00B87852 /* Base */ = {isa = PBXFileReference; lastKnownFileType = file.storyboard; name = Base; path = Base.lproj/Main.storyboard; sourceTree = "<group>"; };
		D1896D53211625C000B87852 /* Assets.xcassets */ = {isa = PBXFileReference; lastKnownFileType = folder.assetcatalog; path = Assets.xcassets; sourceTree = "<group>"; };
		D1896D56211625C000B87852 /* Base */ = {isa = PBXFileReference; lastKnownFileType = file.storyboard; name = Base; path = Base.lproj/LaunchScreen.storyboard; sourceTree = "<group>"; };
		D1896D58211625C000B87852 /* Info.plist */ = {isa = PBXFileReference; lastKnownFileType = text.plist.xml; path = Info.plist; sourceTree = "<group>"; };
		D1896D59211625C000B87852 /* main.m */ = {isa = PBXFileReference; lastKnownFileType = sourcecode.c.objc; path = main.m; sourceTree = "<group>"; };
		D1896D60211625E800B87852 /* FastlaneDemo.entitlements */ = {isa = PBXFileReference; lastKnownFileType = text.plist.entitlements; path = FastlaneDemo.entitlements; sourceTree = "<group>"; };
		D18EA4722116FB1A00CF9CB7 /* FastlaneDemoTests.xctest */ = {isa = PBXFileReference; explicitFileType = wrapper.cfbundle; includeInIndex = 0; path = FastlaneDemoTests.xctest; sourceTree = BUILT_PRODUCTS_DIR; };
		D18EA4742116FB1A00CF9CB7 /* FastlaneDemoTests.m */ = {isa = PBXFileReference; lastKnownFileType = sourcecode.c.objc; path = FastlaneDemoTests.m; sourceTree = "<group>"; };
		D18EA4762116FB1A00CF9CB7 /* Info.plist */ = {isa = PBXFileReference; lastKnownFileType = text.plist.xml; path = Info.plist; sourceTree = "<group>"; };
/* End PBXFileReference section */

/* Begin PBXFrameworksBuildPhase section */
		D1896D44211625BF00B87852 /* Frameworks */ = {
			isa = PBXFrameworksBuildPhase;
			buildActionMask = 2147483647;
			files = (
			);
			runOnlyForDeploymentPostprocessing = 0;
		};
		D18EA46F2116FB1A00CF9CB7 /* Frameworks */ = {
			isa = PBXFrameworksBuildPhase;
			buildActionMask = 2147483647;
			files = (
			);
			runOnlyForDeploymentPostprocessing = 0;
		};
/* End PBXFrameworksBuildPhase section */

/* Begin PBXGroup section */
		D1896D3E211625BF00B87852 = {
			isa = PBXGroup;
			children = (
				D1896D49211625BF00B87852 /* FastlaneDemo */,
				D18EA4732116FB1A00CF9CB7 /* FastlaneDemoTests */,
				D1896D48211625BF00B87852 /* Products */,
			);
			sourceTree = "<group>";
		};
		D1896D48211625BF00B87852 /* Products */ = {
			isa = PBXGroup;
			children = (
				D1896D47211625BF00B87852 /* FastlaneDemo.app */,
				D18EA4722116FB1A00CF9CB7 /* FastlaneDemoTests.xctest */,
			);
			name = Products;
			sourceTree = "<group>";
		};
		D1896D49211625BF00B87852 /* FastlaneDemo */ = {
			isa = PBXGroup;
			children = (
				D1896D60211625E800B87852 /* FastlaneDemo.entitlements */,
				D1896D4A211625BF00B87852 /* AppDelegate.h */,
				D1896D4B211625BF00B87852 /* AppDelegate.m */,
				D1896D4D211625BF00B87852 /* ViewController.h */,
				D1896D4E211625BF00B87852 /* ViewController.m */,
				D1896D50211625BF00B87852 /* Main.storyboard */,
				D1896D53211625C000B87852 /* Assets.xcassets */,
				D1896D55211625C000B87852 /* LaunchScreen.storyboard */,
				D1896D58211625C000B87852 /* Info.plist */,
				D1896D59211625C000B87852 /* main.m */,
				D10D41D721171F4D00D45526 /* Swiftfile.swift */,
			);
			path = FastlaneDemo;
			sourceTree = "<group>";
		};
		D18EA4732116FB1A00CF9CB7 /* FastlaneDemoTests */ = {
			isa = PBXGroup;
			children = (
				D18EA4742116FB1A00CF9CB7 /* FastlaneDemoTests.m */,
				D18EA4762116FB1A00CF9CB7 /* Info.plist */,
			);
			path = FastlaneDemoTests;
			sourceTree = "<group>";
		};
/* End PBXGroup section */

/* Begin PBXNativeTarget section */
		D1896D46211625BF00B87852 /* FastlaneDemo */ = {
			isa = PBXNativeTarget;
			buildConfigurationList = D1896D5D211625C000B87852 /* Build configuration list for PBXNativeTarget "FastlaneDemo" */;
			buildPhases = (
				D1896D43211625BF00B87852 /* Sources */,
				D1896D44211625BF00B87852 /* Frameworks */,
				D1896D45211625BF00B87852 /* Resources */,
			);
			buildRules = (
			);
			dependencies = (
			);
			name = FastlaneDemo;
			productName = FastlaneDemo;
			productReference = D1896D47211625BF00B87852 /* FastlaneDemo.app */;
			productType = "com.apple.product-type.application";
		};
		D18EA4712116FB1A00CF9CB7 /* FastlaneDemoTests */ = {
			isa = PBXNativeTarget;
			buildConfigurationList = D18EA47B2116FB1A00CF9CB7 /* Build configuration list for PBXNativeTarget "FastlaneDemoTests" */;
			buildPhases = (
				D18EA46E2116FB1A00CF9CB7 /* Sources */,
				D18EA46F2116FB1A00CF9CB7 /* Frameworks */,
				D18EA4702116FB1A00CF9CB7 /* Resources */,
			);
			buildRules = (
			);
			dependencies = (
				D18EA4782116FB1A00CF9CB7 /* PBXTargetDependency */,
			);
			name = FastlaneDemoTests;
			productName = FastlaneDemoTests;
			productReference = D18EA4722116FB1A00CF9CB7 /* FastlaneDemoTests.xctest */;
			productType = "com.apple.product-type.bundle.unit-test";
		};
/* End PBXNativeTarget section */

/* Begin PBXProject section */
		D1896D3F211625BF00B87852 /* Project object */ = {
			isa = PBXProject;
			attributes = {
				LastUpgradeCheck = 0940;
				ORGANIZATIONNAME = GMBN;
				TargetAttributes = {
					D1896D46211625BF00B87852 = {
						CreatedOnToolsVersion = 9.4;
						LastSwiftMigration = 0940;
						SystemCapabilities = {
							com.apple.Push = {
								enabled = 1;
							};
						};
					};
					D18EA4712116FB1A00CF9CB7 = {
						CreatedOnToolsVersion = 9.4;
						TestTargetID = D1896D46211625BF00B87852;
					};
				};
			};
			buildConfigurationList = D1896D42211625BF00B87852 /* Build configuration list for PBXProject "FastlaneDemo" */;
			compatibilityVersion = "Xcode 9.3";
			developmentRegion = en;
			hasScannedForEncodings = 0;
			knownRegions = (
				en,
				Base,
			);
			mainGroup = D1896D3E211625BF00B87852;
			productRefGroup = D1896D48211625BF00B87852 /* Products */;
			projectDirPath = "";
			projectRoot = "";
			targets = (
				D1896D46211625BF00B87852 /* FastlaneDemo */,
				D18EA4712116FB1A00CF9CB7 /* FastlaneDemoTests */,
			);
		};
/* End PBXProject section */

/* Begin PBXResourcesBuildPhase section */
		D1896D45211625BF00B87852 /* Resources */ = {
			isa = PBXResourcesBuildPhase;
			buildActionMask = 2147483647;
			files = (
				D1896D57211625C000B87852 /* LaunchScreen.storyboard in Resources */,
				D1896D54211625C000B87852 /* Assets.xcassets in Resources */,
				D1896D52211625BF00B87852 /* Main.storyboard in Resources */,
			);
			runOnlyForDeploymentPostprocessing = 0;
		};
		D18EA4702116FB1A00CF9CB7 /* Resources */ = {
			isa = PBXResourcesBuildPhase;
			buildActionMask = 2147483647;
			files = (
			);
			runOnlyForDeploymentPostprocessing = 0;
		};
/* End PBXResourcesBuildPhase section */

/* Begin PBXSourcesBuildPhase section */
		D1896D43211625BF00B87852 /* Sources */ = {
			isa = PBXSourcesBuildPhase;
			buildActionMask = 2147483647;
			files = (
				D1896D4F211625BF00B87852 /* ViewController.m in Sources */,
				D1896D5A211625C000B87852 /* main.m in Sources */,
				D1896D4C211625BF00B87852 /* AppDelegate.m in Sources */,
				D10D41D821171F4D00D45526 /* Swiftfile.swift in Sources */,
			);
			runOnlyForDeploymentPostprocessing = 0;
		};
		D18EA46E2116FB1A00CF9CB7 /* Sources */ = {
			isa = PBXSourcesBuildPhase;
			buildActionMask = 2147483647;
			files = (
				D18EA4752116FB1A00CF9CB7 /* FastlaneDemoTests.m in Sources */,
			);
			runOnlyForDeploymentPostprocessing = 0;
		};
/* End PBXSourcesBuildPhase section */

/* Begin PBXTargetDependency section */
		D18EA4782116FB1A00CF9CB7 /* PBXTargetDependency */ = {
			isa = PBXTargetDependency;
			target = D1896D46211625BF00B87852 /* FastlaneDemo */;
			targetProxy = D18EA4772116FB1A00CF9CB7 /* PBXContainerItemProxy */;
		};
/* End PBXTargetDependency section */

/* Begin PBXVariantGroup section */
		D1896D50211625BF00B87852 /* Main.storyboard */ = {
			isa = PBXVariantGroup;
			children = (
				D1896D51211625BF00B87852 /* Base */,
			);
			name = Main.storyboard;
			sourceTree = "<group>";
		};
		D1896D55211625C000B87852 /* LaunchScreen.storyboard */ = {
			isa = PBXVariantGroup;
			children = (
				D1896D56211625C000B87852 /* Base */,
			);
			name = LaunchScreen.storyboard;
			sourceTree = "<group>";
		};
/* End PBXVariantGroup section */

/* Begin XCBuildConfiguration section */
		D1896D5B211625C000B87852 /* Debug */ = {
			isa = XCBuildConfiguration;
			buildSettings = {
				ALWAYS_SEARCH_USER_PATHS = NO;
				CLANG_ANALYZER_NONNULL = YES;
				CLANG_ANALYZER_NUMBER_OBJECT_CONVERSION = YES_AGGRESSIVE;
				CLANG_CXX_LANGUAGE_STANDARD = "gnu++14";
				CLANG_CXX_LIBRARY = "libc++";
				CLANG_ENABLE_MODULES = YES;
				CLANG_ENABLE_OBJC_ARC = YES;
				CLANG_ENABLE_OBJC_WEAK = YES;
				CLANG_WARN_BLOCK_CAPTURE_AUTORELEASING = YES;
				CLANG_WARN_BOOL_CONVERSION = YES;
				CLANG_WARN_COMMA = YES;
				CLANG_WARN_CONSTANT_CONVERSION = YES;
				CLANG_WARN_DEPRECATED_OBJC_IMPLEMENTATIONS = YES;
				CLANG_WARN_DIRECT_OBJC_ISA_USAGE = YES_ERROR;
				CLANG_WARN_DOCUMENTATION_COMMENTS = YES;
				CLANG_WARN_EMPTY_BODY = YES;
				CLANG_WARN_ENUM_CONVERSION = YES;
				CLANG_WARN_INFINITE_RECURSION = YES;
				CLANG_WARN_INT_CONVERSION = YES;
				CLANG_WARN_NON_LITERAL_NULL_CONVERSION = YES;
				CLANG_WARN_OBJC_IMPLICIT_RETAIN_SELF = YES;
				CLANG_WARN_OBJC_LITERAL_CONVERSION = YES;
				CLANG_WARN_OBJC_ROOT_CLASS = YES_ERROR;
				CLANG_WARN_RANGE_LOOP_ANALYSIS = YES;
				CLANG_WARN_STRICT_PROTOTYPES = YES;
				CLANG_WARN_SUSPICIOUS_MOVE = YES;
				CLANG_WARN_UNGUARDED_AVAILABILITY = YES_AGGRESSIVE;
				CLANG_WARN_UNREACHABLE_CODE = YES;
				CLANG_WARN__DUPLICATE_METHOD_MATCH = YES;
				CODE_SIGN_IDENTITY = "iPhone Developer";
				COPY_PHASE_STRIP = NO;
				DEBUG_INFORMATION_FORMAT = dwarf;
				ENABLE_STRICT_OBJC_MSGSEND = YES;
				ENABLE_TESTABILITY = YES;
				GCC_C_LANGUAGE_STANDARD = gnu11;
				GCC_DYNAMIC_NO_PIC = NO;
				GCC_NO_COMMON_BLOCKS = YES;
				GCC_OPTIMIZATION_LEVEL = 0;
				GCC_PREPROCESSOR_DEFINITIONS = (
					"DEBUG=1",
					"$(inherited)",
				);
				GCC_WARN_64_TO_32_BIT_CONVERSION = YES;
				GCC_WARN_ABOUT_RETURN_TYPE = YES_ERROR;
				GCC_WARN_UNDECLARED_SELECTOR = YES;
				GCC_WARN_UNINITIALIZED_AUTOS = YES_AGGRESSIVE;
				GCC_WARN_UNUSED_FUNCTION = YES;
				GCC_WARN_UNUSED_VARIABLE = YES;
				IPHONEOS_DEPLOYMENT_TARGET = 11.4;
				MTL_ENABLE_DEBUG_INFO = YES;
				ONLY_ACTIVE_ARCH = YES;
				SDKROOT = iphoneos;
			};
			name = Debug;
		};
		D1896D5C211625C000B87852 /* Release */ = {
			isa = XCBuildConfiguration;
			buildSettings = {
				ALWAYS_SEARCH_USER_PATHS = NO;
				CLANG_ANALYZER_NONNULL = YES;
				CLANG_ANALYZER_NUMBER_OBJECT_CONVERSION = YES_AGGRESSIVE;
				CLANG_CXX_LANGUAGE_STANDARD = "gnu++14";
				CLANG_CXX_LIBRARY = "libc++";
				CLANG_ENABLE_MODULES = YES;
				CLANG_ENABLE_OBJC_ARC = YES;
				CLANG_ENABLE_OBJC_WEAK = YES;
				CLANG_WARN_BLOCK_CAPTURE_AUTORELEASING = YES;
				CLANG_WARN_BOOL_CONVERSION = YES;
				CLANG_WARN_COMMA = YES;
				CLANG_WARN_CONSTANT_CONVERSION = YES;
				CLANG_WARN_DEPRECATED_OBJC_IMPLEMENTATIONS = YES;
				CLANG_WARN_DIRECT_OBJC_ISA_USAGE = YES_ERROR;
				CLANG_WARN_DOCUMENTATION_COMMENTS = YES;
				CLANG_WARN_EMPTY_BODY = YES;
				CLANG_WARN_ENUM_CONVERSION = YES;
				CLANG_WARN_INFINITE_RECURSION = YES;
				CLANG_WARN_INT_CONVERSION = YES;
				CLANG_WARN_NON_LITERAL_NULL_CONVERSION = YES;
				CLANG_WARN_OBJC_IMPLICIT_RETAIN_SELF = YES;
				CLANG_WARN_OBJC_LITERAL_CONVERSION = YES;
				CLANG_WARN_OBJC_ROOT_CLASS = YES_ERROR;
				CLANG_WARN_RANGE_LOOP_ANALYSIS = YES;
				CLANG_WARN_STRICT_PROTOTYPES = YES;
				CLANG_WARN_SUSPICIOUS_MOVE = YES;
				CLANG_WARN_UNGUARDED_AVAILABILITY = YES_AGGRESSIVE;
				CLANG_WARN_UNREACHABLE_CODE = YES;
				CLANG_WARN__DUPLICATE_METHOD_MATCH = YES;
				CODE_SIGN_IDENTITY = "iPhone Developer";
				COPY_PHASE_STRIP = NO;
				DEBUG_INFORMATION_FORMAT = "dwarf-with-dsym";
				ENABLE_NS_ASSERTIONS = NO;
				ENABLE_STRICT_OBJC_MSGSEND = YES;
				GCC_C_LANGUAGE_STANDARD = gnu11;
				GCC_NO_COMMON_BLOCKS = YES;
				GCC_WARN_64_TO_32_BIT_CONVERSION = YES;
				GCC_WARN_ABOUT_RETURN_TYPE = YES_ERROR;
				GCC_WARN_UNDECLARED_SELECTOR = YES;
				GCC_WARN_UNINITIALIZED_AUTOS = YES_AGGRESSIVE;
				GCC_WARN_UNUSED_FUNCTION = YES;
				GCC_WARN_UNUSED_VARIABLE = YES;
				IPHONEOS_DEPLOYMENT_TARGET = 11.4;
				MTL_ENABLE_DEBUG_INFO = NO;
				SDKROOT = iphoneos;
				VALIDATE_PRODUCT = YES;
			};
			name = Release;
		};
		D1896D5E211625C000B87852 /* Debug */ = {
			isa = XCBuildConfiguration;
			buildSettings = {
				ASSETCATALOG_COMPILER_APPICON_NAME = AppIcon;
				BUNDLE_ID = com.ghimbovschi.FastlaneDemo;
				CLANG_ENABLE_MODULES = YES;
				CODE_SIGN_ENTITLEMENTS = FastlaneDemo/FastlaneDemo.entitlements;
				CODE_SIGN_IDENTITY = "iPhone Distribution";
				CODE_SIGN_STYLE = Manual;
				DEVELOPMENT_TEAM = H86U5Z8HYB;
				INFOPLIST_FILE = FastlaneDemo/Info.plist;
				LD_RUNPATH_SEARCH_PATHS = (
					"$(inherited)",
					"@executable_path/Frameworks",
				);
				PRODUCT_BUNDLE_IDENTIFIER = "${BUNDLE_ID}";
				PRODUCT_NAME = "$(TARGET_NAME)";
				PROVISIONING_PROFILE_SPECIFIER = "match AppStore $(PRODUCT_BUNDLE_IDENTIFIER)";
				SWIFT_OPTIMIZATION_LEVEL = "-Onone";
				SWIFT_VERSION = 3.0;
				TARGETED_DEVICE_FAMILY = "1,2";
			};
			name = Debug;
		};
		D1896D5F211625C000B87852 /* Release */ = {
			isa = XCBuildConfiguration;
			buildSettings = {
				ASSETCATALOG_COMPILER_APPICON_NAME = AppIcon;
				BUNDLE_ID = com.ghimbovschi.FastlaneDemo;
				CLANG_ENABLE_MODULES = YES;
				CODE_SIGN_ENTITLEMENTS = FastlaneDemo/FastlaneDemo.entitlements;
				CODE_SIGN_IDENTITY = "iPhone Distribution";
				CODE_SIGN_STYLE = Manual;
				DEVELOPMENT_TEAM = H86U5Z8HYB;
				INFOPLIST_FILE = FastlaneDemo/Info.plist;
				LD_RUNPATH_SEARCH_PATHS = (
					"$(inherited)",
					"@executable_path/Frameworks",
				);
				PRODUCT_BUNDLE_IDENTIFIER = "${BUNDLE_ID}";
				PRODUCT_NAME = "$(TARGET_NAME)";
				PROVISIONING_PROFILE_SPECIFIER = "match AppStore $(PRODUCT_BUNDLE_IDENTIFIER)";
				SWIFT_VERSION = 3.0;
				TARGETED_DEVICE_FAMILY = "1,2";
			};
			name = Release;
		};
		D18EA4792116FB1A00CF9CB7 /* Debug */ = {
			isa = XCBuildConfiguration;
			buildSettings = {
				ALWAYS_EMBED_SWIFT_STANDARD_LIBRARIES = YES;
				BUNDLE_ID = com.ghimbovschi.FastlaneDemo;
				BUNDLE_LOADER = "$(TEST_HOST)";
				CODE_SIGN_IDENTITY = "iPhone Distribution";
				CODE_SIGN_STYLE = Manual;
				DEVELOPMENT_TEAM = H86U5Z8HYB;
				INFOPLIST_FILE = FastlaneDemoTests/Info.plist;
				LD_RUNPATH_SEARCH_PATHS = (
					"$(inherited)",
					"@executable_path/Frameworks",
					"@loader_path/Frameworks",
				);
				PRODUCT_BUNDLE_IDENTIFIER = com.ghimbovschi.FastlaneDemoTests;
				PRODUCT_NAME = "$(TARGET_NAME)";
				TARGETED_DEVICE_FAMILY = "1,2";
				TEST_HOST = "$(BUILT_PRODUCTS_DIR)/FastlaneDemo.app/FastlaneDemo";
			};
			name = Debug;
		};
		D18EA47A2116FB1A00CF9CB7 /* Release */ = {
			isa = XCBuildConfiguration;
			buildSettings = {
				ALWAYS_EMBED_SWIFT_STANDARD_LIBRARIES = YES;
				BUNDLE_ID = com.ghimbovschi.FastlaneDemo;
				BUNDLE_LOADER = "$(TEST_HOST)";
				CODE_SIGN_IDENTITY = "iPhone Distribution";
				CODE_SIGN_STYLE = Manual;
				DEVELOPMENT_TEAM = H86U5Z8HYB;
				INFOPLIST_FILE = FastlaneDemoTests/Info.plist;
				LD_RUNPATH_SEARCH_PATHS = (
					"$(inherited)",
					"@executable_path/Frameworks",
					"@loader_path/Frameworks",
				);
				PRODUCT_BUNDLE_IDENTIFIER = com.ghimbovschi.FastlaneDemoTests;
				PRODUCT_NAME = "$(TARGET_NAME)";
				TARGETED_DEVICE_FAMILY = "1,2";
				TEST_HOST = "$(BUILT_PRODUCTS_DIR)/FastlaneDemo.app/FastlaneDemo";
			};
			name = Release;
		};
/* End XCBuildConfiguration section */

/* Begin XCConfigurationList section */
		D1896D42211625BF00B87852 /* Build configuration list for PBXProject "FastlaneDemo" */ = {
			isa = XCConfigurationList;
			buildConfigurations = (
				D1896D5B211625C000B87852 /* Debug */,
				D1896D5C211625C000B87852 /* Release */,
			);
			defaultConfigurationIsVisible = 0;
			defaultConfigurationName = Release;
		};
		D1896D5D211625C000B87852 /* Build configuration list for PBXNativeTarget "FastlaneDemo" */ = {
			isa = XCConfigurationList;
			buildConfigurations = (
				D1896D5E211625C000B87852 /* Debug */,
				D1896D5F211625C000B87852 /* Release */,
			);
			defaultConfigurationIsVisible = 0;
			defaultConfigurationName = Release;
		};
		D18EA47B2116FB1A00CF9CB7 /* Build configuration list for PBXNativeTarget "FastlaneDemoTests" */ = {
			isa = XCConfigurationList;
			buildConfigurations = (
				D18EA4792116FB1A00CF9CB7 /* Debug */,
				D18EA47A2116FB1A00CF9CB7 /* Release */,
			);
			defaultConfigurationIsVisible = 0;
			defaultConfigurationName = Release;
		};
/* End XCConfigurationList section */
	};
	rootObject = D1896D3F211625BF00B87852 /* Project object */;
}
